
Microsoft Visual Studio Solution File, Format Version 12.00
# Visual Studio 15
VisualStudioVersion = 15.0.27004.2009
MinimumVisualStudioVersion = 10.0.40219.1
Project("{FAE04EC0-301F-11D3-BF4B-00C04F79EFBC}") = "CustomVision", "CustomVision\CustomVision.csproj", "{23EDB301-3706-4F38-9855-0B9628774C6F}"
EndProject
Global
	GlobalSection(SolutionConfigurationPlatforms) = preSolution
		Debug|Any CPU = Debug|Any CPU
		Release|Any CPU = Release|Any CPU
	EndGlobalSection
	GlobalSection(ProjectConfigurationPlatforms) = postSolution
		{23EDB301-3706-4F38-9855-0B9628774C6F}.Debug|Any CPU.ActiveCfg = Debug|Any CPU
		{23EDB301-3706-4F38-9855-0B9628774C6F}.Debug|Any CPU.Build.0 = Debug|Any CPU
		{23EDB301-3706-4F38-9855-0B9628774C6F}.Release|Any CPU.ActiveCfg = Release|Any CPU
		{23EDB301-3706-4F38-9855-0B9628774C6F}.Release|Any CPU.Build.0 = Release|Any CPU
	EndGlobalSection
	GlobalSection(SolutionProperties) = preSolution
		HideSolutionNode = FALSE
	EndGlobalSection
	GlobalSection(ExtensibilityGlobals) = postSolution
		SolutionGuid = {61EFCCF5-4CFF-433F-953C-7C3CF2ECBAF6}
	EndGlobalSection
EndGlobal
